
Microsoft Visual Studio Solution File, Format Version 12.00
# Visual Studio 2013
VisualStudioVersion = 12.0.40629.0
MinimumVisualStudioVersion = 10.0.40219.1
Project("{FAE04EC0-301F-11D3-BF4B-00C04F79EFBC}") = "HitmanPatcher", "HitmanPatcher\HitmanPatcher.csproj", "{0487D44B-B3E1-4A6E-91E0-47016C391A20}"
EndProject
Project("{FAE04EC0-301F-11D3-BF4B-00C04F79EFBC}") = "HitmanPatcher.Core", "HitmanPatcher.Core\HitmanPatcher.Core.csproj", "{596AFD4B-5BB1-4FE0-9C2A-12809C186AF4}"
EndProject
Global
	GlobalSection(SolutionConfigurationPlatforms) = preSolution
		Release|Any CPU = Release|Any CPU
		Debug|Any CPU = Debug|Any CPU
	EndGlobalSection
	GlobalSection(ProjectConfigurationPlatforms) = postSolution
		{0487D44B-B3E1-4A6E-91E0-47016C391A20}.Release|Any CPU.ActiveCfg = Release|Any CPU
		{0487D44B-B3E1-4A6E-91E0-47016C391A20}.Release|Any CPU.Build.0 = Release|Any CPU
		{0487D44B-B3E1-4A6E-91E0-47016C391A20}.Debug|Any CPU.ActiveCfg = Debug|Any CPU
		{0487D44B-B3E1-4A6E-91E0-47016C391A20}.Debug|Any CPU.Build.0 = Debug|Any CPU
		{596AFD4B-5BB1-4FE0-9C2A-12809C186AF4}.Release|Any CPU.ActiveCfg = Release|Any CPU
		{596AFD4B-5BB1-4FE0-9C2A-12809C186AF4}.Release|Any CPU.Build.0 = Release|Any CPU
		{596AFD4B-5BB1-4FE0-9C2A-12809C186AF4}.Debug|Any CPU.ActiveCfg = Debug|Any CPU
		{596AFD4B-5BB1-4FE0-9C2A-12809C186AF4}.Debug|Any CPU.Build.0 = Debug|Any CPU
	EndGlobalSection
	GlobalSection(SolutionProperties) = preSolution
		HideSolutionNode = FALSE
	EndGlobalSection
EndGlobal
